
Microsoft Visual Studio Solution File, Format Version 12.00
# Visual Studio Version 16
VisualStudioVersion = 16.0.29201.188
MinimumVisualStudioVersion = 16.0.29201.188
Project("{9A19103F-16F7-4668-BE54-9A1E7A4F7556}") = "AustralianElectorates", "AustralianElectorates\AustralianElectorates.csproj", "{275E5FED-B1F0-4F7D-BD9E-EE307BD82F25}"
EndProject
Project("{9A19103F-16F7-4668-BE54-9A1E7A4F7556}") = "Tests", "Tests\Tests.csproj", "{645332D6-5286-4F0D-B715-3D4A6793EBF2}"
EndProject
Project("{2150E333-8FDC-42A3-9474-1A3956D46DE8}") = "Solution Items", "Solution Items", "{F9D27460-C1D2-4C5F-9693-C18F3FE70928}"
	ProjectSection(SolutionItems) = preProject
		.editorconfig = .editorconfig
		appveyor.yml = appveyor.yml
		Directory.Build.props = Directory.Build.props
	EndProjectSection
EndProject
Project("{9A19103F-16F7-4668-BE54-9A1E7A4F7556}") = "AustralianElectorates.Bogus", "AustralianElectorates.Bogus\AustralianElectorates.Bogus.csproj", "{09F7913A-2B29-49D9-98CF-7B2505F62691}"
EndProject
Project("{9A19103F-16F7-4668-BE54-9A1E7A4F7556}") = "AustralianElectorates.DetailMaps", "AustralianElectorates.DetailMaps\AustralianElectorates.DetailMaps.csproj", "{64024F93-78A8-4D52-833C-948330C953B3}"
EndProject
Global
	GlobalSection(SolutionConfigurationPlatforms) = preSolution
		Debug|Any CPU = Debug|Any CPU
		Release|Any CPU = Release|Any CPU
	EndGlobalSection
	GlobalSection(ProjectConfigurationPlatforms) = postSolution
		{275E5FED-B1F0-4F7D-BD9E-EE307BD82F25}.Debug|Any CPU.ActiveCfg = Debug|Any CPU
		{275E5FED-B1F0-4F7D-BD9E-EE307BD82F25}.Debug|Any CPU.Build.0 = Debug|Any CPU
		{275E5FED-B1F0-4F7D-BD9E-EE307BD82F25}.Release|Any CPU.ActiveCfg = Release|Any CPU
		{275E5FED-B1F0-4F7D-BD9E-EE307BD82F25}.Release|Any CPU.Build.0 = Release|Any CPU
		{645332D6-5286-4F0D-B715-3D4A6793EBF2}.Debug|Any CPU.ActiveCfg = Debug|Any CPU
		{645332D6-5286-4F0D-B715-3D4A6793EBF2}.Debug|Any CPU.Build.0 = Debug|Any CPU
		{645332D6-5286-4F0D-B715-3D4A6793EBF2}.Release|Any CPU.ActiveCfg = Release|Any CPU
		{645332D6-5286-4F0D-B715-3D4A6793EBF2}.Release|Any CPU.Build.0 = Release|Any CPU
		{09F7913A-2B29-49D9-98CF-7B2505F62691}.Debug|Any CPU.ActiveCfg = Debug|Any CPU
		{09F7913A-2B29-49D9-98CF-7B2505F62691}.Debug|Any CPU.Build.0 = Debug|Any CPU
		{09F7913A-2B29-49D9-98CF-7B2505F62691}.Release|Any CPU.ActiveCfg = Release|Any CPU
		{09F7913A-2B29-49D9-98CF-7B2505F62691}.Release|Any CPU.Build.0 = Release|Any CPU
		{64024F93-78A8-4D52-833C-948330C953B3}.Debug|Any CPU.ActiveCfg = Debug|Any CPU
		{64024F93-78A8-4D52-833C-948330C953B3}.Debug|Any CPU.Build.0 = Debug|Any CPU
		{64024F93-78A8-4D52-833C-948330C953B3}.Release|Any CPU.ActiveCfg = Release|Any CPU
		{64024F93-78A8-4D52-833C-948330C953B3}.Release|Any CPU.Build.0 = Release|Any CPU
	EndGlobalSection
	GlobalSection(SolutionProperties) = preSolution
		HideSolutionNode = FALSE
	EndGlobalSection
	GlobalSection(ExtensibilityGlobals) = postSolution
		SolutionGuid = {9B252582-8B12-4FE7-9EA2-2910EC7EF986}
	EndGlobalSection
EndGlobal
